
Microsoft Visual Studio Solution File, Format Version 12.00
# Visual Studio 14
VisualStudioVersion = 14.0.25123.0
MinimumVisualStudioVersion = 10.0.40219.1
Project("{FAE04EC0-301F-11D3-BF4B-00C04F79EFBC}") = "Framework", "Framework\Framework.csproj", "{9D843CCC-99B9-435D-9899-E53BA34D9010}"
EndProject
Project("{FAE04EC0-301F-11D3-BF4B-00C04F79EFBC}") = "ERMPower", "ERMPower\ERMPower.csproj", "{5ED537C0-E814-4A0A-B7C5-F64CF0742B61}"
EndProject
Global
	GlobalSection(SolutionConfigurationPlatforms) = preSolution
		Debug|Any CPU = Debug|Any CPU
		Release|Any CPU = Release|Any CPU
	EndGlobalSection
	GlobalSection(ProjectConfigurationPlatforms) = postSolution
		{9D843CCC-99B9-435D-9899-E53BA34D9010}.Debug|Any CPU.ActiveCfg = Debug|Any CPU
		{9D843CCC-99B9-435D-9899-E53BA34D9010}.Debug|Any CPU.Build.0 = Debug|Any CPU
		{9D843CCC-99B9-435D-9899-E53BA34D9010}.Release|Any CPU.ActiveCfg = Release|Any CPU
		{9D843CCC-99B9-435D-9899-E53BA34D9010}.Release|Any CPU.Build.0 = Release|Any CPU
		{5ED537C0-E814-4A0A-B7C5-F64CF0742B61}.Debug|Any CPU.ActiveCfg = Debug|Any CPU
		{5ED537C0-E814-4A0A-B7C5-F64CF0742B61}.Debug|Any CPU.Build.0 = Debug|Any CPU
		{5ED537C0-E814-4A0A-B7C5-F64CF0742B61}.Release|Any CPU.ActiveCfg = Release|Any CPU
		{5ED537C0-E814-4A0A-B7C5-F64CF0742B61}.Release|Any CPU.Build.0 = Release|Any CPU
	EndGlobalSection
	GlobalSection(SolutionProperties) = preSolution
		HideSolutionNode = FALSE
	EndGlobalSection
EndGlobal
